<?xml version="1.0" encoding="utf-8"?>
<Project ToolsVersion="4.0" xmlns="http://schemas.microsoft.com/developer/msbuild/2003">
  <ItemGroup>
    <Filter Include="Source Files">
      <UniqueIdentifier>{4FC737F1-C7A5-4376-A066-2A32D752A2FF}</UniqueIdentifier>
      <Extensions>cpp;c;cc;cxx;def;odl;idl;hpj;bat;asm;asmx</Extensions>
    </Filter>
    <Filter Include="Header Files">
      <UniqueIdentifier>{93995380-89BD-4b04-88EB-625FBE52EBFB}</UniqueIdentifier>
      <Extensions>h;hh;hpp;hxx;hm;inl;inc;xsd</Extensions>
    </Filter>
    <Filter Include="Resource Files">
      <UniqueIdentifier>{D9D6E242-F8AF-46E4-B9FD-80ECBC20BA3E}</UniqueIdentifier>
      <Extensions>qrc;*</Extensions>
      <ParseFiles>false</ParseFiles>
    </Filter>
    <Filter Include="Form Files">
      <UniqueIdentifier>{99349809-55BA-4b9d-BF79-8FDBB0286EB3}</UniqueIdentifier>
      <Extensions>ui</Extensions>
    </Filter>
    <Filter Include="Resource Files">
      <UniqueIdentifier>{D9D6E242-F8AF-46E4-B9FD-80ECBC20BA3E}</UniqueIdentifier>
      <Extensions>qrc;*</Extensions>
      <ParseFiles>false</ParseFiles>
    </Filter>
    <Filter Include="Generated Files">
      <UniqueIdentifier>{71ED8ED8-ACB9-4CE9-BBE1-E00B30144E11}</UniqueIdentifier>
      <Extensions>moc;h;cpp</Extensions>
      <SourceControlFiles>False</SourceControlFiles>
    </Filter>
    <Filter Include="Generated Files\Debug">
      <UniqueIdentifier>{e3ab7edb-6c7a-4f9e-94c6-6677be4cd941}</UniqueIdentifier>
      <Extensions>cpp;moc</Extensions>
      <SourceControlFiles>False</SourceControlFiles>
    </Filter>
    <Filter Include="Generated Files\Release">
      <UniqueIdentifier>{70bf00d5-802e-45a2-85ad-a01ebe75eb7a}</UniqueIdentifier>
      <Extensions>cpp;moc</Extensions>
      <SourceControlFiles>False</SourceControlFiles>
    </Filter>
    <Filter Include="Header Files\api">
      <UniqueIdentifier>{886fe76c-7f12-45ba-a244-39ad04c1eca0}</UniqueIdentifier>
    </Filter>
  </ItemGroup>
  <ItemGroup>
    <ClCompile Include="main.cpp">
      <Filter>Source Files</Filter>
    </ClCompile>
    <ClCompile Include="svrc.cpp">
      <Filter>Source Files</Filter>
    </ClCompile>
    <ClCompile Include="GeneratedFiles\Debug\moc_svrc.cpp">
      <Filter>Generated Files\Debug</Filter>
    </ClCompile>
    <ClCompile Include="GeneratedFiles\Release\moc_svrc.cpp">
      <Filter>Generated Files\Release</Filter>
    </ClCompile>
    <ClCompile Include="GeneratedFiles\qrc_svrc.cpp">
      <Filter>Generated Files</Filter>
    </ClCompile>
    <ClCompile Include="common.cpp">
      <Filter>Source Files</Filter>
    </ClCompile>
    <ClCompile Include="engine.cpp">
      <Filter>Source Files</Filter>
    </ClCompile>
    <ClCompile Include="svrrecord.cpp">
      <Filter>Source Files</Filter>
    </ClCompile>
    <ClCompile Include="GeneratedFiles\Debug\moc_svrrecord.cpp">
      <Filter>Generated Files\Debug</Filter>
    </ClCompile>
    <ClCompile Include="GeneratedFiles\Release\moc_svrrecord.cpp">
      <Filter>Generated Files\Release</Filter>
    </ClCompile>
    <ClCompile Include="examplebase.cpp">
      <Filter>Source Files</Filter>
    </ClCompile>
    <ClCompile Include="console.cpp">
      <Filter>Source Files</Filter>
    </ClCompile>
    <ClCompile Include="audio.cpp">
      <Filter>Source Files</Filter>
    </ClCompile>
    <ClCompile Include="video.cpp">
      <Filter>Source Files</Filter>
    </ClCompile>
    <ClCompile Include="GeneratedFiles\Debug\moc_examplebase.cpp">
      <Filter>Generated Files\Debug</Filter>
    </ClCompile>
    <ClCompile Include="GeneratedFiles\Release\moc_examplebase.cpp">
      <Filter>Generated Files\Release</Filter>
    </ClCompile>
    <ClCompile Include="room.cpp">
      <Filter>Source Files</Filter>
    </ClCompile>
    <ClCompile Include="GeneratedFiles\Debug\moc_room.cpp">
      <Filter>Generated Files\Debug</Filter>
    </ClCompile>
    <ClCompile Include="GeneratedFiles\Release\moc_room.cpp">
      <Filter>Generated Files\Release</Filter>
    </ClCompile>
    <ClCompile Include="svrlive.cpp">
      <Filter>Source Files</Filter>
    </ClCompile>
    <ClCompile Include="GeneratedFiles\Debug\moc_svrlive.cpp">
      <Filter>Generated Files\Debug</Filter>
    </ClCompile>
    <ClCompile Include="GeneratedFiles\Release\moc_svrlive.cpp">
      <Filter>Generated Files\Release</Filter>
    </ClCompile>
    <ClCompile Include="svroutgoing.cpp">
      <Filter>Source Files</Filter>
    </ClCompile>
    <ClCompile Include="GeneratedFiles\Debug\moc_svroutgoing.cpp">
      <Filter>Generated Files\Debug</Filter>
    </ClCompile>
    <ClCompile Include="GeneratedFiles\Release\moc_svroutgoing.cpp">
      <Filter>Generated Files\Release</Filter>
    </ClCompile>
  </ItemGroup>
  <ItemGroup>
    <CustomBuild Include="svrc.h">
      <Filter>Header Files</Filter>
    </CustomBuild>
    <CustomBuild Include="svrc.ui">
      <Filter>Form Files</Filter>
    </CustomBuild>
    <CustomBuild Include="svrc.qrc">
      <Filter>Resource Files</Filter>
    </CustomBuild>
    <CustomBuild Include="svrrecord.ui">
      <Filter>Form Files</Filter>
    </CustomBuild>
    <CustomBuild Include="svrrecord.h">
      <Filter>Header Files</Filter>
    </CustomBuild>
    <CustomBuild Include="examplebase.h">
      <Filter>Header Files</Filter>
    </CustomBuild>
    <CustomBuild Include="room.h">
      <Filter>Header Files</Filter>
    </CustomBuild>
    <CustomBuild Include="svrlive.ui">
      <Filter>Form Files</Filter>
    </CustomBuild>
    <CustomBuild Include="svrlive.h">
      <Filter>Header Files</Filter>
    </CustomBuild>
    <CustomBuild Include="svrout.ui">
      <Filter>Form Files</Filter>
    </CustomBuild>
    <CustomBuild Include="svroutgoing.h">
      <Filter>Header Files</Filter>
    </CustomBuild>
  </ItemGroup>
  <ItemGroup>
    <ClInclude Include="GeneratedFiles\ui_svrc.h">
      <Filter>Generated Files</Filter>
    </ClInclude>
    <ClInclude Include="common.h">
      <Filter>Header Files</Filter>
    </ClInclude>
    <ClInclude Include="engine.h">
      <Filter>Header Files</Filter>
    </ClInclude>
    <ClInclude Include="GeneratedFiles\ui_svrrecord.h">
      <Filter>Generated Files</Filter>
    </ClInclude>
    <ClInclude Include="..\api\audiocapture.h">
      <Filter>Header Files\api</Filter>
    </ClInclude>
    <ClInclude Include="..\api\avdengine.h">
      <Filter>Header Files\api</Filter>
    </ClInclude>
    <ClInclude Include="..\api\avdlive.h">
      <Filter>Header Files\api</Filter>
    </ClInclude>
    <ClInclude Include="..\api\avdoutgoing.h">
      <Filter>Header Files\api</Filter>
    </ClInclude>
    <ClInclude Include="..\api\avdrecord.h">
      <Filter>Header Files\api</Filter>
    </ClInclude>
    <ClInclude Include="..\api\avimporter.h">
      <Filter>Header Files\api</Filter>
    </ClInclude>
    <ClInclude Include="..\api\combase.h">
      <Filter>Header Files\api</Filter>
    </ClInclude>
    <ClInclude Include="..\api\common.h">
      <Filter>Header Files\api</Filter>
    </ClInclude>
    <ClInclude Include="..\api\debug.h">
      <Filter>Header Files\api</Filter>
    </ClInclude>
    <ClInclude Include="..\api\defines.h">
      <Filter>Header Files\api</Filter>
    </ClInclude>
    <ClInclude Include="..\api\easyroom.h">
      <Filter>Header Files\api</Filter>
    </ClInclude>
    <ClInclude Include="..\api\errorcode.h">
      <Filter>Header Files\api</Filter>
    </ClInclude>
    <ClInclude Include="..\api\livecast.h">
      <Filter>Header Files\api</Filter>
    </ClInclude>
    <ClInclude Include="..\api\mannotation.h">
      <Filter>Header Files\api</Filter>
    </ClInclude>
    <ClInclude Include="..\api\maudio.h">
      <Filter>Header Files\api</Filter>
    </ClInclude>
    <ClInclude Include="..\api\maudio_new.h">
      <Filter>Header Files\api</Filter>
    </ClInclude>
    <ClInclude Include="..\api\mchat.h">
      <Filter>Header Files\api</Filter>
    </ClInclude>
    <ClInclude Include="..\api\mlivecast.h">
      <Filter>Header Files\api</Filter>
    </ClInclude>
    <ClInclude Include="..\api\mlocalrecord.h">
      <Filter>Header Files\api</Filter>
    </ClInclude>
    <ClInclude Include="..\api\mscreen.h">
      <Filter>Header Files\api</Filter>
    </ClInclude>
    <ClInclude Include="..\api\musermanager.h">
      <Filter>Header Files\api</Filter>
    </ClInclude>
    <ClInclude Include="..\api\mvideo.h">
      <Filter>Header Files\api</Filter>
    </ClInclude>
    <ClInclude Include="..\api\mvideo_new.h">
      <Filter>Header Files\api</Filter>
    </ClInclude>
    <ClInclude Include="..\api\mvideomixer.h">
      <Filter>Header Files\api</Filter>
    </ClInclude>
    <ClInclude Include="..\api\mwhiteboard.h">
      <Filter>Header Files\api</Filter>
    </ClInclude>
    <ClInclude Include="..\api\room.h">
      <Filter>Header Files\api</Filter>
    </ClInclude>
    <ClInclude Include="..\api\rtclogic.h">
      <Filter>Header Files\api</Filter>
    </ClInclude>
    <ClInclude Include="..\api\rtspclient.h">
      <Filter>Header Files\api</Filter>
    </ClInclude>
    <ClInclude Include="..\api\screenrecorder.h">
      <Filter>Header Files\api</Filter>
    </ClInclude>
    <ClInclude Include="..\api\videocapture.h">
      <Filter>Header Files\api</Filter>
    </ClInclude>
    <ClInclude Include="..\api\videorender.h">
      <Filter>Header Files\api</Filter>
    </ClInclude>
    <ClInclude Include="console.h">
      <Filter>Header Files</Filter>
    </ClInclude>
    <ClInclude Include="audio.h">
      <Filter>Header Files</Filter>
    </ClInclude>
    <ClInclude Include="video.h">
      <Filter>Header Files</Filter>
    </ClInclude>
    <ClInclude Include="GeneratedFiles\ui_svrlive.h">
      <Filter>Generated Files</Filter>
    </ClInclude>
    <ClInclude Include="GeneratedFiles\ui_svrout.h">
      <Filter>Generated Files</Filter>
    </ClInclude>
  </ItemGroup>
</Project>